// !$*UTF8*$!
{
	archiveVersion = 1;
	classes = {
	};
	objectVersion = 55;
	objects = {

/* Begin PBXBuildFile section */
		CED9B8BC28491B9000D1C9E5 /* AppDelegate.swift in Sources */ = {isa = PBXBuildFile; fileRef = CED9B8BB28491B9000D1C9E5 /* AppDelegate.swift */; };
		CED9B8BE28491B9000D1C9E5 /* SceneDelegate.swift in Sources */ = {isa = PBXBuildFile; fileRef = CED9B8BD28491B9000D1C9E5 /* SceneDelegate.swift */; };
		CED9B8C028491B9000D1C9E5 /* ViewController.swift in Sources */ = {isa = PBXBuildFile; fileRef = CED9B8BF28491B9000D1C9E5 /* ViewController.swift */; };
		CED9B8C328491B9000D1C9E5 /* Main.storyboard in Resources */ = {isa = PBXBuildFile; fileRef = CED9B8C128491B9000D1C9E5 /* Main.storyboard */; };
		CED9B8C528491B9100D1C9E5 /* Assets.xcassets in Resources */ = {isa = PBXBuildFile; fileRef = CED9B8C428491B9100D1C9E5 /* Assets.xcassets */; };
		CED9B8C828491B9100D1C9E5 /* LaunchScreen.storyboard in Resources */ = {isa = PBXBuildFile; fileRef = CED9B8C628491B9100D1C9E5 /* LaunchScreen.storyboard */; };
		CED9B8DD28491CA200D1C9E5 /* Car.swift in Sources */ = {isa = PBXBuildFile; fileRef = CED9B8DC28491CA200D1C9E5 /* Car.swift */; };
		CED9B8DF28491F0900D1C9E5 /* CarTests.swift in Sources */ = {isa = PBXBuildFile; fileRef = CED9B8DE28491F0900D1C9E5 /* CarTests.swift */; };
		CED9B8E128492A3400D1C9E5 /* ValidationService.swift in Sources */ = {isa = PBXBuildFile; fileRef = CED9B8E028492A3400D1C9E5 /* ValidationService.swift */; };
		CED9B8E3284932A900D1C9E5 /* ValidationServiceTests.swift in Sources */ = {isa = PBXBuildFile; fileRef = CED9B8E2284932A900D1C9E5 /* ValidationServiceTests.swift */; };
/* End PBXBuildFile section */

/* Begin PBXContainerItemProxy section */
		CED9B8D728491BFB00D1C9E5 /* PBXContainerItemProxy */ = {
			isa = PBXContainerItemProxy;
			containerPortal = CED9B8B028491B8F00D1C9E5 /* Project object */;
			proxyType = 1;
			remoteGlobalIDString = CED9B8B728491B8F00D1C9E5;
			remoteInfo = UnitLesson;
		};
/* End PBXContainerItemProxy section */

/* Begin PBXFileReference section */
		CED9B8B828491B9000D1C9E5 /* UnitLesson.app */ = {isa = PBXFileReference; explicitFileType = wrapper.application; includeInIndex = 0; path = UnitLesson.app; sourceTree = BUILT_PRODUCTS_DIR; };
		CED9B8BB28491B9000D1C9E5 /* AppDelegate.swift */ = {isa = PBXFileReference; lastKnownFileType = sourcecode.swift; path = AppDelegate.swift; sourceTree = "<group>"; };
		CED9B8BD28491B9000D1C9E5 /* SceneDelegate.swift */ = {isa = PBXFileReference; lastKnownFileType = sourcecode.swift; path = SceneDelegate.swift; sourceTree = "<group>"; };
		CED9B8BF28491B9000D1C9E5 /* ViewController.swift */ = {isa = PBXFileReference; lastKnownFileType = sourcecode.swift; path = ViewController.swift; sourceTree = "<group>"; };
		CED9B8C228491B9000D1C9E5 /* Base */ = {isa = PBXFileReference; lastKnownFileType = file.storyboard; name = Base; path = Base.lproj/Main.storyboard; sourceTree = "<group>"; };
		CED9B8C428491B9100D1C9E5 /* Assets.xcassets */ = {isa = PBXFileReference; lastKnownFileType = folder.assetcatalog; path = Assets.xcassets; sourceTree = "<group>"; };
		CED9B8C728491B9100D1C9E5 /* Base */ = {isa = PBXFileReference; lastKnownFileType = file.storyboard; name = Base; path = Base.lproj/LaunchScreen.storyboard; sourceTree = "<group>"; };
		CED9B8C928491B9100D1C9E5 /* Info.plist */ = {isa = PBXFileReference; lastKnownFileType = text.plist.xml; path = Info.plist; sourceTree = "<group>"; };
		CED9B8D328491BFB00D1C9E5 /* UnitLessonTests.xctest */ = {isa = PBXFileReference; explicitFileType = wrapper.cfbundle; includeInIndex = 0; path = UnitLessonTests.xctest; sourceTree = BUILT_PRODUCTS_DIR; };
		CED9B8DC28491CA200D1C9E5 /* Car.swift */ = {isa = PBXFileReference; lastKnownFileType = sourcecode.swift; path = Car.swift; sourceTree = "<group>"; };
		CED9B8DE28491F0900D1C9E5 /* CarTests.swift */ = {isa = PBXFileReference; lastKnownFileType = sourcecode.swift; path = CarTests.swift; sourceTree = "<group>"; };
		CED9B8E028492A3400D1C9E5 /* ValidationService.swift */ = {isa = PBXFileReference; lastKnownFileType = sourcecode.swift; path = ValidationService.swift; sourceTree = "<group>"; };
		CED9B8E2284932A900D1C9E5 /* ValidationServiceTests.swift */ = {isa = PBXFileReference; lastKnownFileType = sourcecode.swift; path = ValidationServiceTests.swift; sourceTree = "<group>"; };
/* End PBXFileReference section */

/* Begin PBXFrameworksBuildPhase section */
		CED9B8B528491B8F00D1C9E5 /* Frameworks */ = {
			isa = PBXFrameworksBuildPhase;
			buildActionMask = 2147483647;
			files = (
			);
			runOnlyForDeploymentPostprocessing = 0;
		};
		CED9B8D028491BFA00D1C9E5 /* Frameworks */ = {
			isa = PBXFrameworksBuildPhase;
			buildActionMask = 2147483647;
			files = (
			);
			runOnlyForDeploymentPostprocessing = 0;
		};
/* End PBXFrameworksBuildPhase section */

/* Begin PBXGroup section */
		CED9B8AF28491B8F00D1C9E5 = {
			isa = PBXGroup;
			children = (
				CED9B8BA28491B9000D1C9E5 /* UnitLesson */,
				CED9B8D428491BFB00D1C9E5 /* UnitLessonTests */,
				CED9B8B928491B9000D1C9E5 /* Products */,
			);
			sourceTree = "<group>";
		};
		CED9B8B928491B9000D1C9E5 /* Products */ = {
			isa = PBXGroup;
			children = (
				CED9B8B828491B9000D1C9E5 /* UnitLesson.app */,
				CED9B8D328491BFB00D1C9E5 /* UnitLessonTests.xctest */,
			);
			name = Products;
			sourceTree = "<group>";
		};
		CED9B8BA28491B9000D1C9E5 /* UnitLesson */ = {
			isa = PBXGroup;
			children = (
				CED9B8BB28491B9000D1C9E5 /* AppDelegate.swift */,
				CED9B8BD28491B9000D1C9E5 /* SceneDelegate.swift */,
				CED9B8BF28491B9000D1C9E5 /* ViewController.swift */,
				CED9B8DC28491CA200D1C9E5 /* Car.swift */,
				CED9B8C128491B9000D1C9E5 /* Main.storyboard */,
				CED9B8C428491B9100D1C9E5 /* Assets.xcassets */,
				CED9B8C628491B9100D1C9E5 /* LaunchScreen.storyboard */,
				CED9B8C928491B9100D1C9E5 /* Info.plist */,
				CED9B8E028492A3400D1C9E5 /* ValidationService.swift */,
			);
			path = UnitLesson;
			sourceTree = "<group>";
		};
		CED9B8D428491BFB00D1C9E5 /* UnitLessonTests */ = {
			isa = PBXGroup;
			children = (
				CED9B8DE28491F0900D1C9E5 /* CarTests.swift */,
				CED9B8E2284932A900D1C9E5 /* ValidationServiceTests.swift */,
			);
			path = UnitLessonTests;
			sourceTree = "<group>";
		};
/* End PBXGroup section */

/* Begin PBXNativeTarget section */
		CED9B8B728491B8F00D1C9E5 /* UnitLesson */ = {
			isa = PBXNativeTarget;
			buildConfigurationList = CED9B8CC28491B9100D1C9E5 /* Build configuration list for PBXNativeTarget "UnitLesson" */;
			buildPhases = (
				CED9B8B428491B8F00D1C9E5 /* Sources */,
				CED9B8B528491B8F00D1C9E5 /* Frameworks */,
				CED9B8B628491B8F00D1C9E5 /* Resources */,
			);
			buildRules = (
			);
			dependencies = (
			);
			name = UnitLesson;
			productName = UnitLesson;
			productReference = CED9B8B828491B9000D1C9E5 /* UnitLesson.app */;
			productType = "com.apple.product-type.application";
		};
		CED9B8D228491BFA00D1C9E5 /* UnitLessonTests */ = {
			isa = PBXNativeTarget;
			buildConfigurationList = CED9B8D928491BFB00D1C9E5 /* Build configuration list for PBXNativeTarget "UnitLessonTests" */;
			buildPhases = (
				CED9B8CF28491BFA00D1C9E5 /* Sources */,
				CED9B8D028491BFA00D1C9E5 /* Frameworks */,
				CED9B8D128491BFA00D1C9E5 /* Resources */,
			);
			buildRules = (
			);
			dependencies = (
				CED9B8D828491BFB00D1C9E5 /* PBXTargetDependency */,
			);
			name = UnitLessonTests;
			productName = UnitLessonTests;
			productReference = CED9B8D328491BFB00D1C9E5 /* UnitLessonTests.xctest */;
			productType = "com.apple.product-type.bundle.unit-test";
		};
/* End PBXNativeTarget section */

/* Begin PBXProject section */
		CED9B8B028491B8F00D1C9E5 /* Project object */ = {
			isa = PBXProject;
			attributes = {
				BuildIndependentTargetsInParallel = 1;
				LastSwiftUpdateCheck = 1320;
				LastUpgradeCheck = 1320;
				TargetAttributes = {
					CED9B8B728491B8F00D1C9E5 = {
						CreatedOnToolsVersion = 13.2.1;
					};
					CED9B8D228491BFA00D1C9E5 = {
						CreatedOnToolsVersion = 13.2.1;
						TestTargetID = CED9B8B728491B8F00D1C9E5;
					};
				};
			};
			buildConfigurationList = CED9B8B328491B8F00D1C9E5 /* Build configuration list for PBXProject "UnitLesson" */;
			compatibilityVersion = "Xcode 13.0";
			developmentRegion = en;
			hasScannedForEncodings = 0;
			knownRegions = (
				en,
				Base,
			);
			mainGroup = CED9B8AF28491B8F00D1C9E5;
			productRefGroup = CED9B8B928491B9000D1C9E5 /* Products */;
			projectDirPath = "";
			projectRoot = "";
			targets = (
				CED9B8B728491B8F00D1C9E5 /* UnitLesson */,
				CED9B8D228491BFA00D1C9E5 /* UnitLessonTests */,
			);
		};
/* End PBXProject section */

/* Begin PBXResourcesBuildPhase section */
		CED9B8B628491B8F00D1C9E5 /* Resources */ = {
			isa = PBXResourcesBuildPhase;
			buildActionMask = 2147483647;
			files = (
				CED9B8C828491B9100D1C9E5 /* LaunchScreen.storyboard in Resources */,
				CED9B8C528491B9100D1C9E5 /* Assets.xcassets in Resources */,
				CED9B8C328491B9000D1C9E5 /* Main.storyboard in Resources */,
			);
			runOnlyForDeploymentPostprocessing = 0;
		};
		CED9B8D128491BFA00D1C9E5 /* Resources */ = {
			isa = PBXResourcesBuildPhase;
			buildActionMask = 2147483647;
			files = (
			);
			runOnlyForDeploymentPostprocessing = 0;
		};
/* End PBXResourcesBuildPhase section */

/* Begin PBXSourcesBuildPhase section */
		CED9B8B428491B8F00D1C9E5 /* Sources */ = {
			isa = PBXSourcesBuildPhase;
			buildActionMask = 2147483647;
			files = (
				CED9B8C028491B9000D1C9E5 /* ViewController.swift in Sources */,
				CED9B8E128492A3400D1C9E5 /* ValidationService.swift in Sources */,
				CED9B8BC28491B9000D1C9E5 /* AppDelegate.swift in Sources */,
				CED9B8DD28491CA200D1C9E5 /* Car.swift in Sources */,
				CED9B8BE28491B9000D1C9E5 /* SceneDelegate.swift in Sources */,
			);
			runOnlyForDeploymentPostprocessing = 0;
		};
		CED9B8CF28491BFA00D1C9E5 /* Sources */ = {
			isa = PBXSourcesBuildPhase;
			buildActionMask = 2147483647;
			files = (
				CED9B8E3284932A900D1C9E5 /* ValidationServiceTests.swift in Sources */,
				CED9B8DF28491F0900D1C9E5 /* CarTests.swift in Sources */,
			);
			runOnlyForDeploymentPostprocessing = 0;
		};
/* End PBXSourcesBuildPhase section */

/* Begin PBXTargetDependency section */
		CED9B8D828491BFB00D1C9E5 /* PBXTargetDependency */ = {
			isa = PBXTargetDependency;
			target = CED9B8B728491B8F00D1C9E5 /* UnitLesson */;
			targetProxy = CED9B8D728491BFB00D1C9E5 /* PBXContainerItemProxy */;
		};
/* End PBXTargetDependency section */

/* Begin PBXVariantGroup section */
		CED9B8C128491B9000D1C9E5 /* Main.storyboard */ = {
			isa = PBXVariantGroup;
			children = (
				CED9B8C228491B9000D1C9E5 /* Base */,
			);
			name = Main.storyboard;
			sourceTree = "<group>";
		};
		CED9B8C628491B9100D1C9E5 /* LaunchScreen.storyboard */ = {
			isa = PBXVariantGroup;
			children = (
				CED9B8C728491B9100D1C9E5 /* Base */,
			);
			name = LaunchScreen.storyboard;
			sourceTree = "<group>";
		};
/* End PBXVariantGroup section */

/* Begin XCBuildConfiguration section */
		CED9B8CA28491B9100D1C9E5 /* Debug */ = {
			isa = XCBuildConfiguration;
			buildSettings = {
				ALWAYS_SEARCH_USER_PATHS = NO;
				CLANG_ANALYZER_NONNULL = YES;
				CLANG_ANALYZER_NUMBER_OBJECT_CONVERSION = YES_AGGRESSIVE;
				CLANG_CXX_LANGUAGE_STANDARD = "gnu++17";
				CLANG_CXX_LIBRARY = "libc++";
				CLANG_ENABLE_MODULES = YES;
				CLANG_ENABLE_OBJC_ARC = YES;
				CLANG_ENABLE_OBJC_WEAK = YES;
				CLANG_WARN_BLOCK_CAPTURE_AUTORELEASING = YES;
				CLANG_WARN_BOOL_CONVERSION = YES;
				CLANG_WARN_COMMA = YES;
				CLANG_WARN_CONSTANT_CONVERSION = YES;
				CLANG_WARN_DEPRECATED_OBJC_IMPLEMENTATIONS = YES;
				CLANG_WARN_DIRECT_OBJC_ISA_USAGE = YES_ERROR;
				CLANG_WARN_DOCUMENTATION_COMMENTS = YES;
				CLANG_WARN_EMPTY_BODY = YES;
				CLANG_WARN_ENUM_CONVERSION = YES;
				CLANG_WARN_INFINITE_RECURSION = YES;
				CLANG_WARN_INT_CONVERSION = YES;
				CLANG_WARN_NON_LITERAL_NULL_CONVERSION = YES;
				CLANG_WARN_OBJC_IMPLICIT_RETAIN_SELF = YES;
				CLANG_WARN_OBJC_LITERAL_CONVERSION = YES;
				CLANG_WARN_OBJC_ROOT_CLASS = YES_ERROR;
				CLANG_WARN_QUOTED_INCLUDE_IN_FRAMEWORK_HEADER = YES;
				CLANG_WARN_RANGE_LOOP_ANALYSIS = YES;
				CLANG_WARN_STRICT_PROTOTYPES = YES;
				CLANG_WARN_SUSPICIOUS_MOVE = YES;
				CLANG_WARN_UNGUARDED_AVAILABILITY = YES_AGGRESSIVE;
				CLANG_WARN_UNREACHABLE_CODE = YES;
				CLANG_WARN__DUPLICATE_METHOD_MATCH = YES;
				COPY_PHASE_STRIP = NO;
				DEBUG_INFORMATION_FORMAT = dwarf;
				ENABLE_STRICT_OBJC_MSGSEND = YES;
				ENABLE_TESTABILITY = YES;
				GCC_C_LANGUAGE_STANDARD = gnu11;
				GCC_DYNAMIC_NO_PIC = NO;
				GCC_NO_COMMON_BLOCKS = YES;
				GCC_OPTIMIZATION_LEVEL = 0;
				GCC_PREPROCESSOR_DEFINITIONS = (
					"DEBUG=1",
					"$(inherited)",
				);
				GCC_WARN_64_TO_32_BIT_CONVERSION = YES;
				GCC_WARN_ABOUT_RETURN_TYPE = YES_ERROR;
				GCC_WARN_UNDECLARED_SELECTOR = YES;
				GCC_WARN_UNINITIALIZED_AUTOS = YES_AGGRESSIVE;
				GCC_WARN_UNUSED_FUNCTION = YES;
				GCC_WARN_UNUSED_VARIABLE = YES;
				IPHONEOS_DEPLOYMENT_TARGET = 15.2;
				MTL_ENABLE_DEBUG_INFO = INCLUDE_SOURCE;
				MTL_FAST_MATH = YES;
				ONLY_ACTIVE_ARCH = YES;
				SDKROOT = iphoneos;
				SWIFT_ACTIVE_COMPILATION_CONDITIONS = DEBUG;
				SWIFT_OPTIMIZATION_LEVEL = "-Onone";
			};
			name = Debug;
		};
		CED9B8CB28491B9100D1C9E5 /* Release */ = {
			isa = XCBuildConfiguration;
			buildSettings = {
				ALWAYS_SEARCH_USER_PATHS = NO;
				CLANG_ANALYZER_NONNULL = YES;
				CLANG_ANALYZER_NUMBER_OBJECT_CONVERSION = YES_AGGRESSIVE;
				CLANG_CXX_LANGUAGE_STANDARD = "gnu++17";
				CLANG_CXX_LIBRARY = "libc++";
				CLANG_ENABLE_MODULES = YES;
				CLANG_ENABLE_OBJC_ARC = YES;
				CLANG_ENABLE_OBJC_WEAK = YES;
				CLANG_WARN_BLOCK_CAPTURE_AUTORELEASING = YES;
				CLANG_WARN_BOOL_CONVERSION = YES;
				CLANG_WARN_COMMA = YES;
				CLANG_WARN_CONSTANT_CONVERSION = YES;
				CLANG_WARN_DEPRECATED_OBJC_IMPLEMENTATIONS = YES;
				CLANG_WARN_DIRECT_OBJC_ISA_USAGE = YES_ERROR;
				CLANG_WARN_DOCUMENTATION_COMMENTS = YES;
				CLANG_WARN_EMPTY_BODY = YES;
				CLANG_WARN_ENUM_CONVERSION = YES;
				CLANG_WARN_INFINITE_RECURSION = YES;
				CLANG_WARN_INT_CONVERSION = YES;
				CLANG_WARN_NON_LITERAL_NULL_CONVERSION = YES;
				CLANG_WARN_OBJC_IMPLICIT_RETAIN_SELF = YES;
				CLANG_WARN_OBJC_LITERAL_CONVERSION = YES;
				CLANG_WARN_OBJC_ROOT_CLASS = YES_ERROR;
				CLANG_WARN_QUOTED_INCLUDE_IN_FRAMEWORK_HEADER = YES;
				CLANG_WARN_RANGE_LOOP_ANALYSIS = YES;
				CLANG_WARN_STRICT_PROTOTYPES = YES;
				CLANG_WARN_SUSPICIOUS_MOVE = YES;
				CLANG_WARN_UNGUARDED_AVAILABILITY = YES_AGGRESSIVE;
				CLANG_WARN_UNREACHABLE_CODE = YES;
				CLANG_WARN__DUPLICATE_METHOD_MATCH = YES;
				COPY_PHASE_STRIP = NO;
				DEBUG_INFORMATION_FORMAT = "dwarf-with-dsym";
				ENABLE_NS_ASSERTIONS = NO;
				ENABLE_STRICT_OBJC_MSGSEND = YES;
				GCC_C_LANGUAGE_STANDARD = gnu11;
				GCC_NO_COMMON_BLOCKS = YES;
				GCC_WARN_64_TO_32_BIT_CONVERSION = YES;
				GCC_WARN_ABOUT_RETURN_TYPE = YES_ERROR;
				GCC_WARN_UNDECLARED_SELECTOR = YES;
				GCC_WARN_UNINITIALIZED_AUTOS = YES_AGGRESSIVE;
				GCC_WARN_UNUSED_FUNCTION = YES;
				GCC_WARN_UNUSED_VARIABLE = YES;
				IPHONEOS_DEPLOYMENT_TARGET = 15.2;
				MTL_ENABLE_DEBUG_INFO = NO;
				MTL_FAST_MATH = YES;
				SDKROOT = iphoneos;
				SWIFT_COMPILATION_MODE = wholemodule;
				SWIFT_OPTIMIZATION_LEVEL = "-O";
				VALIDATE_PRODUCT = YES;
			};
			name = Release;
		};
		CED9B8CD28491B9100D1C9E5 /* Debug */ = {
			isa = XCBuildConfiguration;
			buildSettings = {
				ASSETCATALOG_COMPILER_APPICON_NAME = AppIcon;
				ASSETCATALOG_COMPILER_GLOBAL_ACCENT_COLOR_NAME = AccentColor;
				CODE_SIGN_STYLE = Automatic;
				CURRENT_PROJECT_VERSION = 1;
				GENERATE_INFOPLIST_FILE = YES;
				INFOPLIST_FILE = UnitLesson/Info.plist;
				INFOPLIST_KEY_UIApplicationSupportsIndirectInputEvents = YES;
				INFOPLIST_KEY_UILaunchStoryboardName = LaunchScreen;
				INFOPLIST_KEY_UIMainStoryboardFile = Main;
				INFOPLIST_KEY_UISupportedInterfaceOrientations_iPad = "UIInterfaceOrientationPortrait UIInterfaceOrientationPortraitUpsideDown UIInterfaceOrientationLandscapeLeft UIInterfaceOrientationLandscapeRight";
				INFOPLIST_KEY_UISupportedInterfaceOrientations_iPhone = "UIInterfaceOrientationPortrait UIInterfaceOrientationLandscapeLeft UIInterfaceOrientationLandscapeRight";
				LD_RUNPATH_SEARCH_PATHS = (
					"$(inherited)",
					"@executable_path/Frameworks",
				);
				MARKETING_VERSION = 1.0;
				PRODUCT_BUNDLE_IDENTIFIER = "-.UnitLesson";
				PRODUCT_NAME = "$(TARGET_NAME)";
				SWIFT_EMIT_LOC_STRINGS = YES;
				SWIFT_VERSION = 5.0;
				TARGETED_DEVICE_FAMILY = "1,2";
			};
			name = Debug;
		};
		CED9B8CE28491B9100D1C9E5 /* Release */ = {
			isa = XCBuildConfiguration;
			buildSettings = {
				ASSETCATALOG_COMPILER_APPICON_NAME = AppIcon;
				ASSETCATALOG_COMPILER_GLOBAL_ACCENT_COLOR_NAME = AccentColor;
				CODE_SIGN_STYLE = Automatic;
				CURRENT_PROJECT_VERSION = 1;
				GENERATE_INFOPLIST_FILE = YES;
				INFOPLIST_FILE = UnitLesson/Info.plist;
				INFOPLIST_KEY_UIApplicationSupportsIndirectInputEvents = YES;
				INFOPLIST_KEY_UILaunchStoryboardName = LaunchScreen;
				INFOPLIST_KEY_UIMainStoryboardFile = Main;
				INFOPLIST_KEY_UISupportedInterfaceOrientations_iPad = "UIInterfaceOrientationPortrait UIInterfaceOrientationPortraitUpsideDown UIInterfaceOrientationLandscapeLeft UIInterfaceOrientationLandscapeRight";
				INFOPLIST_KEY_UISupportedInterfaceOrientations_iPhone = "UIInterfaceOrientationPortrait UIInterfaceOrientationLandscapeLeft UIInterfaceOrientationLandscapeRight";
				LD_RUNPATH_SEARCH_PATHS = (
					"$(inherited)",
					"@executable_path/Frameworks",
				);
				MARKETING_VERSION = 1.0;
				PRODUCT_BUNDLE_IDENTIFIER = "-.UnitLesson";
				PRODUCT_NAME = "$(TARGET_NAME)";
				SWIFT_EMIT_LOC_STRINGS = YES;
				SWIFT_VERSION = 5.0;
				TARGETED_DEVICE_FAMILY = "1,2";
			};
			name = Release;
		};
		CED9B8DA28491BFB00D1C9E5 /* Debug */ = {
			isa = XCBuildConfiguration;
			buildSettings = {
				BUNDLE_LOADER = "$(TEST_HOST)";
				CODE_SIGN_STYLE = Automatic;
				CURRENT_PROJECT_VERSION = 1;
				GENERATE_INFOPLIST_FILE = YES;
				MARKETING_VERSION = 1.0;
				PRODUCT_BUNDLE_IDENTIFIER = "-.UnitLessonTests";
				PRODUCT_NAME = "$(TARGET_NAME)";
				SWIFT_EMIT_LOC_STRINGS = NO;
				SWIFT_VERSION = 5.0;
				TARGETED_DEVICE_FAMILY = "1,2";
				TEST_HOST = "$(BUILT_PRODUCTS_DIR)/UnitLesson.app/UnitLesson";
			};
			name = Debug;
		};
		CED9B8DB28491BFB00D1C9E5 /* Release */ = {
			isa = XCBuildConfiguration;
			buildSettings = {
				BUNDLE_LOADER = "$(TEST_HOST)";
				CODE_SIGN_STYLE = Automatic;
				CURRENT_PROJECT_VERSION = 1;
				GENERATE_INFOPLIST_FILE = YES;
				MARKETING_VERSION = 1.0;
				PRODUCT_BUNDLE_IDENTIFIER = "-.UnitLessonTests";
				PRODUCT_NAME = "$(TARGET_NAME)";
				SWIFT_EMIT_LOC_STRINGS = NO;
				SWIFT_VERSION = 5.0;
				TARGETED_DEVICE_FAMILY = "1,2";
				TEST_HOST = "$(BUILT_PRODUCTS_DIR)/UnitLesson.app/UnitLesson";
			};
			name = Release;
		};
/* End XCBuildConfiguration section */

/* Begin XCConfigurationList section */
		CED9B8B328491B8F00D1C9E5 /* Build configuration list for PBXProject "UnitLesson" */ = {
			isa = XCConfigurationList;
			buildConfigurations = (
				CED9B8CA28491B9100D1C9E5 /* Debug */,
				CED9B8CB28491B9100D1C9E5 /* Release */,
			);
			defaultConfigurationIsVisible = 0;
			defaultConfigurationName = Release;
		};
		CED9B8CC28491B9100D1C9E5 /* Build configuration list for PBXNativeTarget "UnitLesson" */ = {
			isa = XCConfigurationList;
			buildConfigurations = (
				CED9B8CD28491B9100D1C9E5 /* Debug */,
				CED9B8CE28491B9100D1C9E5 /* Release */,
			);
			defaultConfigurationIsVisible = 0;
			defaultConfigurationName = Release;
		};
		CED9B8D928491BFB00D1C9E5 /* Build configuration list for PBXNativeTarget "UnitLessonTests" */ = {
			isa = XCConfigurationList;
			buildConfigurations = (
				CED9B8DA28491BFB00D1C9E5 /* Debug */,
				CED9B8DB28491BFB00D1C9E5 /* Release */,
			);
			defaultConfigurationIsVisible = 0;
			defaultConfigurationName = Release;
		};
/* End XCConfigurationList section */
	};
	rootObject = CED9B8B028491B8F00D1C9E5 /* Project object */;
}
